
Microsoft Visual Studio Solution File, Format Version 12.00
# Visual Studio Version 17
VisualStudioVersion = 17.1.32421.90
MinimumVisualStudioVersion = 10.0.40219.1
Project("{9A19103F-16F7-4668-BE54-9A1E7A4F7556}") = "BetterFolderBrowser.Core", "BetterFolderBrowser.Core\BetterFolderBrowser.Core.csproj", "{153C6640-265E-489C-BE5E-3A2B909CADC7}"
EndProject
Project("{9A19103F-16F7-4668-BE54-9A1E7A4F7556}") = "BetterFolderBrowser.Core.Tests", "BetterFolderBrowser.Core.Tests\BetterFolderBrowser.Core.Tests.csproj", "{2D5D9831-05DA-4BC1-A561-EAF0872235D7}"
EndProject
Global
	GlobalSection(SolutionConfigurationPlatforms) = preSolution
		Debug|Any CPU = Debug|Any CPU
		Release|Any CPU = Release|Any CPU
	EndGlobalSection
	GlobalSection(ProjectConfigurationPlatforms) = postSolution
		{153C6640-265E-489C-BE5E-3A2B909CADC7}.Debug|Any CPU.ActiveCfg = Debug|Any CPU
		{153C6640-265E-489C-BE5E-3A2B909CADC7}.Debug|Any CPU.Build.0 = Debug|Any CPU
		{153C6640-265E-489C-BE5E-3A2B909CADC7}.Release|Any CPU.ActiveCfg = Release|Any CPU
		{153C6640-265E-489C-BE5E-3A2B909CADC7}.Release|Any CPU.Build.0 = Release|Any CPU
		{2D5D9831-05DA-4BC1-A561-EAF0872235D7}.Debug|Any CPU.ActiveCfg = Debug|Any CPU
		{2D5D9831-05DA-4BC1-A561-EAF0872235D7}.Debug|Any CPU.Build.0 = Debug|Any CPU
		{2D5D9831-05DA-4BC1-A561-EAF0872235D7}.Release|Any CPU.ActiveCfg = Release|Any CPU
		{2D5D9831-05DA-4BC1-A561-EAF0872235D7}.Release|Any CPU.Build.0 = Release|Any CPU
	EndGlobalSection
	GlobalSection(SolutionProperties) = preSolution
		HideSolutionNode = FALSE
	EndGlobalSection
	GlobalSection(ExtensibilityGlobals) = postSolution
		SolutionGuid = {2D213737-4DDB-4AB9-BD5E-2C70CD8CD360}
	EndGlobalSection
EndGlobal
